
Microsoft Visual Studio Solution File, Format Version 12.00
# Visual Studio Version 16
VisualStudioVersion = 16.0.30114.105
MinimumVisualStudioVersion = 10.0.40219.1
Project("{FAE04EC0-301F-11D3-BF4B-00C04F79EFBC}") = "API", "API\API.csproj", "{3434B996-ED75-4D1A-A753-594B94E1AA4C}"
EndProject
Global
	GlobalSection(SolutionConfigurationPlatforms) = preSolution
		Debug|Any CPU = Debug|Any CPU
		Release|Any CPU = Release|Any CPU
	EndGlobalSection
	GlobalSection(SolutionProperties) = preSolution
		HideSolutionNode = FALSE
	EndGlobalSection
	GlobalSection(ProjectConfigurationPlatforms) = postSolution
		{3434B996-ED75-4D1A-A753-594B94E1AA4C}.Debug|Any CPU.ActiveCfg = Debug|Any CPU
		{3434B996-ED75-4D1A-A753-594B94E1AA4C}.Debug|Any CPU.Build.0 = Debug|Any CPU
		{3434B996-ED75-4D1A-A753-594B94E1AA4C}.Release|Any CPU.ActiveCfg = Release|Any CPU
		{3434B996-ED75-4D1A-A753-594B94E1AA4C}.Release|Any CPU.Build.0 = Release|Any CPU
	EndGlobalSection
EndGlobal
